
Microsoft Visual Studio Solution File, Format Version 12.00
# Visual Studio Version 16
VisualStudioVersion = 16.0.34031.81
MinimumVisualStudioVersion = 10.0.40219.1
Project("{2150E333-8FDC-42A3-9474-1A3956D46DE8}") = "Task0", "Task0", "{7DE228B0-144D-4B92-A648-86CEDC1758AB}"
EndProject
Project("{FAE04EC0-301F-11D3-BF4B-00C04F79EFBC}") = "Tyuiu.ShadrinEA.Sprint6.Task0.V21.Test", "Tyuiu.ShadrinEA.Sprint6.Task0.V21.Test\Tyuiu.ShadrinEA.Sprint6.Task0.V21.Test.csproj", "{48E6AA93-4500-4283-AB78-D3E36A5B9C06}"
EndProject
Project("{FAE04EC0-301F-11D3-BF4B-00C04F79EFBC}") = "Tyuiu.ShadrinEA.Sprint6.Task0.V21.Lib", "Tyuiu.ShadrinEA.Sprint6.Task0.V21.Lib\Tyuiu.ShadrinEA.Sprint6.Task0.V21.Lib.csproj", "{9B222D54-95BA-4366-AC2F-1A6C5E7684E4}"
EndProject
Project("{FAE04EC0-301F-11D3-BF4B-00C04F79EFBC}") = "Tyuiu.ShadrinEA.Sprint6.Task0.V21", "Tyuiu.ShadrinEA.Sprint6.Task0.V21\Tyuiu.ShadrinEA.Sprint6.Task0.V21.csproj", "{F5D0062C-C542-4761-9690-3799C83A197A}"
EndProject
Project("{2150E333-8FDC-42A3-9474-1A3956D46DE8}") = "Task1", "Task1", "{CAFC5409-0CF7-4A69-A548-DA6C525C4AD6}"
EndProject
Project("{FAE04EC0-301F-11D3-BF4B-00C04F79EFBC}") = "Tyuiu.ShadrinEA.Sprint6.Task1.V29.Lib", "Tyuiu.ShadrinEA.Sprint6.Task1.V29.Lib\Tyuiu.ShadrinEA.Sprint6.Task1.V29.Lib.csproj", "{5F92FDD0-2ED8-4B50-955A-B02679C3695C}"
EndProject
Project("{FAE04EC0-301F-11D3-BF4B-00C04F79EFBC}") = "Tyuiu.ShadrinEA.Sprint6.Task1.V29.Test", "Tyuiu.ShadrinEA.Sprint6.Task1.V29.Test\Tyuiu.ShadrinEA.Sprint6.Task1.V29.Test.csproj", "{5DB8AD89-D3B0-4882-B9B8-38877D52577B}"
EndProject
Project("{FAE04EC0-301F-11D3-BF4B-00C04F79EFBC}") = "Tyuiu.ShadrinEA.Sprint6.Task1.V29", "Tyuiu.ShadrinEA.Sprint6.Task1.V29\Tyuiu.ShadrinEA.Sprint6.Task1.V29.csproj", "{27F50260-194F-483C-81A4-8D0BA2103699}"
EndProject
Project("{2150E333-8FDC-42A3-9474-1A3956D46DE8}") = "Task2", "Task2", "{9C82471A-B914-453A-8309-CD94A99A8A7E}"
EndProject
Project("{2150E333-8FDC-42A3-9474-1A3956D46DE8}") = "task3", "task3", "{08C063B4-5BCD-47BE-88BA-E12EDA8F445C}"
EndProject
Project("{FAE04EC0-301F-11D3-BF4B-00C04F79EFBC}") = "Tyuiu.ShadrinEA.Sprint6.Task2.V19.Lib", "Tyuiu.ShadrinEA.Sprint6.Task2.V19.Lib\Tyuiu.ShadrinEA.Sprint6.Task2.V19.Lib.csproj", "{D1CCC672-8C22-4930-BC3F-359FF43D2255}"
EndProject
Project("{FAE04EC0-301F-11D3-BF4B-00C04F79EFBC}") = "Tyuiu.ShadrinEA.Sprint6.Task2.V19.Test", "Tyuiu.ShadrinEA.Sprint6.Task2.V19.Test\Tyuiu.ShadrinEA.Sprint6.Task2.V19.Test.csproj", "{A26ED708-C957-465E-B83C-34EAF9BF299E}"
EndProject
Project("{FAE04EC0-301F-11D3-BF4B-00C04F79EFBC}") = "Tyuiu.ShadrinEA.Sprint6.Task2.V19", "Tyuiu.ShadrinEA.Sprint6.Task2.V19\Tyuiu.ShadrinEA.Sprint6.Task2.V19.csproj", "{CD202A21-215C-4EED-9902-C577A6968177}"
EndProject
Project("{FAE04EC0-301F-11D3-BF4B-00C04F79EFBC}") = "Tyuiu.ShadrinEA.Sprint6.Task3.V27.Lib", "Tyuiu.ShadrinEA.Sprint6.Task3.V27.Lib\Tyuiu.ShadrinEA.Sprint6.Task3.V27.Lib.csproj", "{979B6FC5-A327-4B2B-A1EF-57D40B99EBB4}"
EndProject
Project("{FAE04EC0-301F-11D3-BF4B-00C04F79EFBC}") = "Tyuiu.ShadrinEA.Sprint6.Task3.V27.Test", "Tyuiu.ShadrinEA.Sprint6.Task3.V27.Test\Tyuiu.ShadrinEA.Sprint6.Task3.V27.Test.csproj", "{B07D3B30-74EF-459E-857A-26B7641F3FD6}"
EndProject
Project("{FAE04EC0-301F-11D3-BF4B-00C04F79EFBC}") = "Tyuiu.ShadrinEA.Sprint6.Task3.V27", "Tyuiu.ShadrinEA.Sprint6.Task3.V27\Tyuiu.ShadrinEA.Sprint6.Task3.V27.csproj", "{D70002EE-F1C6-4FE7-9F30-148AF2484CE5}"
EndProject
Project("{2150E333-8FDC-42A3-9474-1A3956D46DE8}") = "Task4", "Task4", "{EED0FDF9-344C-4CDE-8D86-AF0EB79CA646}"
EndProject
Project("{FAE04EC0-301F-11D3-BF4B-00C04F79EFBC}") = "Tyuiu.ShadrinEA.Sprint6.Task4.V21", "Tyuiu.ShadrinEA.Sprint6.Task4.V21\Tyuiu.ShadrinEA.Sprint6.Task4.V21.csproj", "{4A77A5C3-8E5E-4522-B088-302751054655}"
EndProject
Project("{2150E333-8FDC-42A3-9474-1A3956D46DE8}") = "Task5", "Task5", "{97B49644-3329-4431-A4EF-57592EE9B2F2}"
EndProject
Project("{FAE04EC0-301F-11D3-BF4B-00C04F79EFBC}") = "Tyuiu.ShadrinEA.Sprint6.Task4.V21.Test", "Tyuiu.ShadrinEA.Sprint6.Task4.V21.Test\Tyuiu.ShadrinEA.Sprint6.Task4.V21.Test.csproj", "{2D40DA9C-FE7B-438F-920A-3F4E41352337}"
EndProject
Project("{FAE04EC0-301F-11D3-BF4B-00C04F79EFBC}") = "Tyuiu.ShadrinEA.Sprint6.Task4.V21.Lib", "Tyuiu.ShadrinEA.Sprint6.Task4.V21.Lib\Tyuiu.ShadrinEA.Sprint6.Task4.V21.Lib.csproj", "{49F1907F-C1BB-4A3D-80B9-CA68897089CE}"
EndProject
Global
	GlobalSection(SolutionConfigurationPlatforms) = preSolution
		Debug|Any CPU = Debug|Any CPU
		Release|Any CPU = Release|Any CPU
	EndGlobalSection
	GlobalSection(ProjectConfigurationPlatforms) = postSolution
		{48E6AA93-4500-4283-AB78-D3E36A5B9C06}.Debug|Any CPU.ActiveCfg = Debug|Any CPU
		{48E6AA93-4500-4283-AB78-D3E36A5B9C06}.Debug|Any CPU.Build.0 = Debug|Any CPU
		{48E6AA93-4500-4283-AB78-D3E36A5B9C06}.Release|Any CPU.ActiveCfg = Release|Any CPU
		{48E6AA93-4500-4283-AB78-D3E36A5B9C06}.Release|Any CPU.Build.0 = Release|Any CPU
		{9B222D54-95BA-4366-AC2F-1A6C5E7684E4}.Debug|Any CPU.ActiveCfg = Debug|Any CPU
		{9B222D54-95BA-4366-AC2F-1A6C5E7684E4}.Debug|Any CPU.Build.0 = Debug|Any CPU
		{9B222D54-95BA-4366-AC2F-1A6C5E7684E4}.Release|Any CPU.ActiveCfg = Release|Any CPU
		{9B222D54-95BA-4366-AC2F-1A6C5E7684E4}.Release|Any CPU.Build.0 = Release|Any CPU
		{F5D0062C-C542-4761-9690-3799C83A197A}.Debug|Any CPU.ActiveCfg = Debug|Any CPU
		{F5D0062C-C542-4761-9690-3799C83A197A}.Debug|Any CPU.Build.0 = Debug|Any CPU
		{F5D0062C-C542-4761-9690-3799C83A197A}.Release|Any CPU.ActiveCfg = Release|Any CPU
		{F5D0062C-C542-4761-9690-3799C83A197A}.Release|Any CPU.Build.0 = Release|Any CPU
		{5F92FDD0-2ED8-4B50-955A-B02679C3695C}.Debug|Any CPU.ActiveCfg = Debug|Any CPU
		{5F92FDD0-2ED8-4B50-955A-B02679C3695C}.Debug|Any CPU.Build.0 = Debug|Any CPU
		{5F92FDD0-2ED8-4B50-955A-B02679C3695C}.Release|Any CPU.ActiveCfg = Release|Any CPU
		{5F92FDD0-2ED8-4B50-955A-B02679C3695C}.Release|Any CPU.Build.0 = Release|Any CPU
		{5DB8AD89-D3B0-4882-B9B8-38877D52577B}.Debug|Any CPU.ActiveCfg = Debug|Any CPU
		{5DB8AD89-D3B0-4882-B9B8-38877D52577B}.Debug|Any CPU.Build.0 = Debug|Any CPU
		{5DB8AD89-D3B0-4882-B9B8-38877D52577B}.Release|Any CPU.ActiveCfg = Release|Any CPU
		{5DB8AD89-D3B0-4882-B9B8-38877D52577B}.Release|Any CPU.Build.0 = Release|Any CPU
		{27F50260-194F-483C-81A4-8D0BA2103699}.Debug|Any CPU.ActiveCfg = Debug|Any CPU
		{27F50260-194F-483C-81A4-8D0BA2103699}.Debug|Any CPU.Build.0 = Debug|Any CPU
		{27F50260-194F-483C-81A4-8D0BA2103699}.Release|Any CPU.ActiveCfg = Release|Any CPU
		{27F50260-194F-483C-81A4-8D0BA2103699}.Release|Any CPU.Build.0 = Release|Any CPU
		{D1CCC672-8C22-4930-BC3F-359FF43D2255}.Debug|Any CPU.ActiveCfg = Debug|Any CPU
		{D1CCC672-8C22-4930-BC3F-359FF43D2255}.Debug|Any CPU.Build.0 = Debug|Any CPU
		{D1CCC672-8C22-4930-BC3F-359FF43D2255}.Release|Any CPU.ActiveCfg = Release|Any CPU
		{D1CCC672-8C22-4930-BC3F-359FF43D2255}.Release|Any CPU.Build.0 = Release|Any CPU
		{A26ED708-C957-465E-B83C-34EAF9BF299E}.Debug|Any CPU.ActiveCfg = Debug|Any CPU
		{A26ED708-C957-465E-B83C-34EAF9BF299E}.Debug|Any CPU.Build.0 = Debug|Any CPU
		{A26ED708-C957-465E-B83C-34EAF9BF299E}.Release|Any CPU.ActiveCfg = Release|Any CPU
		{A26ED708-C957-465E-B83C-34EAF9BF299E}.Release|Any CPU.Build.0 = Release|Any CPU
		{CD202A21-215C-4EED-9902-C577A6968177}.Debug|Any CPU.ActiveCfg = Debug|Any CPU
		{CD202A21-215C-4EED-9902-C577A6968177}.Debug|Any CPU.Build.0 = Debug|Any CPU
		{CD202A21-215C-4EED-9902-C577A6968177}.Release|Any CPU.ActiveCfg = Release|Any CPU
		{CD202A21-215C-4EED-9902-C577A6968177}.Release|Any CPU.Build.0 = Release|Any CPU
		{979B6FC5-A327-4B2B-A1EF-57D40B99EBB4}.Debug|Any CPU.ActiveCfg = Debug|Any CPU
		{979B6FC5-A327-4B2B-A1EF-57D40B99EBB4}.Debug|Any CPU.Build.0 = Debug|Any CPU
		{979B6FC5-A327-4B2B-A1EF-57D40B99EBB4}.Release|Any CPU.ActiveCfg = Release|Any CPU
		{979B6FC5-A327-4B2B-A1EF-57D40B99EBB4}.Release|Any CPU.Build.0 = Release|Any CPU
		{B07D3B30-74EF-459E-857A-26B7641F3FD6}.Debug|Any CPU.ActiveCfg = Debug|Any CPU
		{B07D3B30-74EF-459E-857A-26B7641F3FD6}.Debug|Any CPU.Build.0 = Debug|Any CPU
		{B07D3B30-74EF-459E-857A-26B7641F3FD6}.Release|Any CPU.ActiveCfg = Release|Any CPU
		{B07D3B30-74EF-459E-857A-26B7641F3FD6}.Release|Any CPU.Build.0 = Release|Any CPU
		{D70002EE-F1C6-4FE7-9F30-148AF2484CE5}.Debug|Any CPU.ActiveCfg = Debug|Any CPU
		{D70002EE-F1C6-4FE7-9F30-148AF2484CE5}.Debug|Any CPU.Build.0 = Debug|Any CPU
		{D70002EE-F1C6-4FE7-9F30-148AF2484CE5}.Release|Any CPU.ActiveCfg = Release|Any CPU
		{D70002EE-F1C6-4FE7-9F30-148AF2484CE5}.Release|Any CPU.Build.0 = Release|Any CPU
		{4A77A5C3-8E5E-4522-B088-302751054655}.Debug|Any CPU.ActiveCfg = Debug|Any CPU
		{4A77A5C3-8E5E-4522-B088-302751054655}.Debug|Any CPU.Build.0 = Debug|Any CPU
		{4A77A5C3-8E5E-4522-B088-302751054655}.Release|Any CPU.ActiveCfg = Release|Any CPU
		{4A77A5C3-8E5E-4522-B088-302751054655}.Release|Any CPU.Build.0 = Release|Any CPU
		{2D40DA9C-FE7B-438F-920A-3F4E41352337}.Debug|Any CPU.ActiveCfg = Debug|Any CPU
		{2D40DA9C-FE7B-438F-920A-3F4E41352337}.Debug|Any CPU.Build.0 = Debug|Any CPU
		{2D40DA9C-FE7B-438F-920A-3F4E41352337}.Release|Any CPU.ActiveCfg = Release|Any CPU
		{2D40DA9C-FE7B-438F-920A-3F4E41352337}.Release|Any CPU.Build.0 = Release|Any CPU
		{49F1907F-C1BB-4A3D-80B9-CA68897089CE}.Debug|Any CPU.ActiveCfg = Debug|Any CPU
		{49F1907F-C1BB-4A3D-80B9-CA68897089CE}.Debug|Any CPU.Build.0 = Debug|Any CPU
		{49F1907F-C1BB-4A3D-80B9-CA68897089CE}.Release|Any CPU.ActiveCfg = Release|Any CPU
		{49F1907F-C1BB-4A3D-80B9-CA68897089CE}.Release|Any CPU.Build.0 = Release|Any CPU
	EndGlobalSection
	GlobalSection(SolutionProperties) = preSolution
		HideSolutionNode = FALSE
	EndGlobalSection
	GlobalSection(NestedProjects) = preSolution
		{48E6AA93-4500-4283-AB78-D3E36A5B9C06} = {7DE228B0-144D-4B92-A648-86CEDC1758AB}
		{9B222D54-95BA-4366-AC2F-1A6C5E7684E4} = {7DE228B0-144D-4B92-A648-86CEDC1758AB}
		{F5D0062C-C542-4761-9690-3799C83A197A} = {7DE228B0-144D-4B92-A648-86CEDC1758AB}
		{5F92FDD0-2ED8-4B50-955A-B02679C3695C} = {CAFC5409-0CF7-4A69-A548-DA6C525C4AD6}
		{5DB8AD89-D3B0-4882-B9B8-38877D52577B} = {CAFC5409-0CF7-4A69-A548-DA6C525C4AD6}
		{27F50260-194F-483C-81A4-8D0BA2103699} = {CAFC5409-0CF7-4A69-A548-DA6C525C4AD6}
		{D1CCC672-8C22-4930-BC3F-359FF43D2255} = {9C82471A-B914-453A-8309-CD94A99A8A7E}
		{A26ED708-C957-465E-B83C-34EAF9BF299E} = {9C82471A-B914-453A-8309-CD94A99A8A7E}
		{CD202A21-215C-4EED-9902-C577A6968177} = {9C82471A-B914-453A-8309-CD94A99A8A7E}
		{979B6FC5-A327-4B2B-A1EF-57D40B99EBB4} = {08C063B4-5BCD-47BE-88BA-E12EDA8F445C}
		{B07D3B30-74EF-459E-857A-26B7641F3FD6} = {08C063B4-5BCD-47BE-88BA-E12EDA8F445C}
		{D70002EE-F1C6-4FE7-9F30-148AF2484CE5} = {08C063B4-5BCD-47BE-88BA-E12EDA8F445C}
		{4A77A5C3-8E5E-4522-B088-302751054655} = {EED0FDF9-344C-4CDE-8D86-AF0EB79CA646}
		{2D40DA9C-FE7B-438F-920A-3F4E41352337} = {EED0FDF9-344C-4CDE-8D86-AF0EB79CA646}
		{49F1907F-C1BB-4A3D-80B9-CA68897089CE} = {EED0FDF9-344C-4CDE-8D86-AF0EB79CA646}
	EndGlobalSection
	GlobalSection(ExtensibilityGlobals) = postSolution
		SolutionGuid = {9E2C7E0F-B229-4D21-848A-7CE2F1991E62}
	EndGlobalSection
EndGlobal
